
Microsoft Visual Studio Solution File, Format Version 12.00
# Visual Studio Version 17
VisualStudioVersion = 17.0.32014.148
MinimumVisualStudioVersion = 10.0.40219.1
Project("{2150E333-8FDC-42A3-9474-1A3956D46DE8}") = "Common", "Common", "{B71A2B2C-ED1C-4DC8-8ECC-408B15FF6661}"
	ProjectSection(SolutionItems) = preProject
		Directory.Build.props = Directory.Build.props
	EndProjectSection
EndProject
Project("{2150E333-8FDC-42A3-9474-1A3956D46DE8}") = "Solution Items", "Solution Items", "{F0B30069-69C2-4DE7-BBD1-71A4D62B5C29}"
	ProjectSection(SolutionItems) = preProject
		.editorconfig = .editorconfig
		.gitignore = .gitignore
		.github\workflows\build.yml = .github\workflows\build.yml
		.github\workflows\cd.yml = .github\workflows\cd.yml
		.github\workflows\coverage.yml = .github\workflows\coverage.yml
		nuget.config = nuget.config
		.github\workflows\nuget.yml = .github\workflows\nuget.yml
		pack.bat = pack.bat
		README.md = README.md
	EndProjectSection
EndProject
Project("{9A19103F-16F7-4668-BE54-9A1E7A4F7556}") = "UltralightNet", "src\UltralightNet\UltralightNet.csproj", "{1F8BE9AC-A40B-4F00-BA41-F1A28C197F1F}"
EndProject
Project("{9A19103F-16F7-4668-BE54-9A1E7A4F7556}") = "UltralightNet.Test", "src\UltralightNet.Test\UltralightNet.Test.csproj", "{73B85E50-C001-424A-A26F-F94ACAAD2978}"
EndProject
Project("{9A19103F-16F7-4668-BE54-9A1E7A4F7556}") = "UltralightNet.Binaries", "src\UltralightNet.Binaries\UltralightNet.Binaries.csproj", "{0CC47EDC-9CA4-411A-B8B9-656491BE8B07}"
EndProject
Project("{9A19103F-16F7-4668-BE54-9A1E7A4F7556}") = "UltralightNet.TestApp", "src\UltralightNet.TestApp\UltralightNet.TestApp.csproj", "{5DBC49D4-D5FB-4E35-907D-99003CFEDBDC}"
EndProject
Project("{9A19103F-16F7-4668-BE54-9A1E7A4F7556}") = "UltralightNet.AppCore", "src\UltralightNet.AppCore\UltralightNet.AppCore.csproj", "{C7D7C608-DC96-4CA8-8843-F512D9E74528}"
EndProject
Project("{9A19103F-16F7-4668-BE54-9A1E7A4F7556}") = "UltralightNet.Resources", "src\UltralightNet.Resources\UltralightNet.Resources.csproj", "{553CF6D4-7E36-438D-9D1A-A97670C482AF}"
EndProject
Project("{9A19103F-16F7-4668-BE54-9A1E7A4F7556}") = "UltralightNet.Veldrid", "gpu\libs\UltralightNet.Veldrid\UltralightNet.Veldrid.csproj", "{644D1546-4849-45EB-8B45-DAE8333A5654}"
EndProject
Project("{9A19103F-16F7-4668-BE54-9A1E7A4F7556}") = "UltralightNet.Veldrid.TestApp", "Examples\gpu\UltralightNet.Veldrid.TestApp\UltralightNet.Veldrid.TestApp.csproj", "{F6F0F247-9E1D-469C-81D1-4FAAD701933C}"
EndProject
Project("{9A19103F-16F7-4668-BE54-9A1E7A4F7556}") = "GettingStarted", "Examples\Headless\GettingStarted\GettingStarted.csproj", "{483B033B-63EF-4AB1-A27E-2AAD4C2D2FF3}"
EndProject
Project("{9A19103F-16F7-4668-BE54-9A1E7A4F7556}") = "UltralightNet.AppCore.TestApp", "Examples\AppCore\UltralightNet.AppCore.TestApp\UltralightNet.AppCore.TestApp.csproj", "{6066A6F2-EE9A-4F71-9CC0-8D6D068ED97F}"
EndProject
Project("{9A19103F-16F7-4668-BE54-9A1E7A4F7556}") = "Supine.Unstride", "src\Supine.Unstride\Supine.Unstride.csproj", "{EC79BB43-93EE-4D29-AA2C-6A7437244FA7}"
EndProject
Project("{9A19103F-16F7-4668-BE54-9A1E7A4F7556}") = "UltralightNet.Veldrid.SDL2", "src\UltralightNet.Veldrid.SDL2\UltralightNet.Veldrid.SDL2.csproj", "{D2C07055-8EBB-4327-995E-612B566E4B8E}"
EndProject
Project("{9A19103F-16F7-4668-BE54-9A1E7A4F7556}") = "Benchmarks", "src\Benchmarks\Benchmarks.csproj", "{166A9C81-274E-4ECA-A057-07C5067D7DE6}"
EndProject
Project("{9A19103F-16F7-4668-BE54-9A1E7A4F7556}") = "UltralightNet.OpenGL.TestApp", "Examples\gpu\UltralightNet.OpenGL.TestApp\UltralightNet.OpenGL.TestApp.csproj", "{12E884F6-0828-4451-9B17-97A3E945D6D8}"
EndProject
Project("{9A19103F-16F7-4668-BE54-9A1E7A4F7556}") = "UltralightNet.OpenGL", "gpu\libs\UltralightNet.OpenGL\UltralightNet.OpenGL.csproj", "{1CD5E12E-E31F-444F-8287-23CDA55A4D10}"
EndProject
Project("{9A19103F-16F7-4668-BE54-9A1E7A4F7556}") = "UltralightNet.Vulkan.TestApp", "Examples\gpu\UltralightNet.Vulkan.TestApp\UltralightNet.Vulkan.TestApp.csproj", "{9EEB642C-B091-4E80-AED1-B24C06F2C820}"
EndProject
Project("{9A19103F-16F7-4668-BE54-9A1E7A4F7556}") = "UltralightNet.Vulkan", "gpu\libs\UltralightNet.Vulkan\UltralightNet.Vulkan.csproj", "{5533F4FD-2126-4506-80EA-20CF5F533DDD}"
EndProject
Project("{9A19103F-16F7-4668-BE54-9A1E7A4F7556}") = "UltralightNet.GPUCommon", "gpu\libs\UltralightNet.GPUCommon\UltralightNet.GPUCommon.csproj", "{AAFC2484-A6BF-4E57-8AC5-9F85452B7D56}"
EndProject
Global
	GlobalSection(SolutionConfigurationPlatforms) = preSolution
		Debug|Any CPU = Debug|Any CPU
		Release|Any CPU = Release|Any CPU
	EndGlobalSection
	GlobalSection(ProjectConfigurationPlatforms) = postSolution
		{1F8BE9AC-A40B-4F00-BA41-F1A28C197F1F}.Debug|Any CPU.ActiveCfg = Debug|Any CPU
		{1F8BE9AC-A40B-4F00-BA41-F1A28C197F1F}.Debug|Any CPU.Build.0 = Debug|Any CPU
		{1F8BE9AC-A40B-4F00-BA41-F1A28C197F1F}.Release|Any CPU.ActiveCfg = Release|Any CPU
		{1F8BE9AC-A40B-4F00-BA41-F1A28C197F1F}.Release|Any CPU.Build.0 = Release|Any CPU
		{73B85E50-C001-424A-A26F-F94ACAAD2978}.Debug|Any CPU.ActiveCfg = Debug|Any CPU
		{73B85E50-C001-424A-A26F-F94ACAAD2978}.Debug|Any CPU.Build.0 = Debug|Any CPU
		{73B85E50-C001-424A-A26F-F94ACAAD2978}.Release|Any CPU.ActiveCfg = Release|Any CPU
		{73B85E50-C001-424A-A26F-F94ACAAD2978}.Release|Any CPU.Build.0 = Release|Any CPU
		{0CC47EDC-9CA4-411A-B8B9-656491BE8B07}.Debug|Any CPU.ActiveCfg = Debug|Any CPU
		{0CC47EDC-9CA4-411A-B8B9-656491BE8B07}.Debug|Any CPU.Build.0 = Debug|Any CPU
		{0CC47EDC-9CA4-411A-B8B9-656491BE8B07}.Release|Any CPU.ActiveCfg = Release|Any CPU
		{0CC47EDC-9CA4-411A-B8B9-656491BE8B07}.Release|Any CPU.Build.0 = Release|Any CPU
		{5DBC49D4-D5FB-4E35-907D-99003CFEDBDC}.Debug|Any CPU.ActiveCfg = Debug|Any CPU
		{5DBC49D4-D5FB-4E35-907D-99003CFEDBDC}.Debug|Any CPU.Build.0 = Debug|Any CPU
		{5DBC49D4-D5FB-4E35-907D-99003CFEDBDC}.Release|Any CPU.ActiveCfg = Release|Any CPU
		{5DBC49D4-D5FB-4E35-907D-99003CFEDBDC}.Release|Any CPU.Build.0 = Release|Any CPU
		{C7D7C608-DC96-4CA8-8843-F512D9E74528}.Debug|Any CPU.ActiveCfg = Debug|Any CPU
		{C7D7C608-DC96-4CA8-8843-F512D9E74528}.Debug|Any CPU.Build.0 = Debug|Any CPU
		{C7D7C608-DC96-4CA8-8843-F512D9E74528}.Release|Any CPU.ActiveCfg = Release|Any CPU
		{C7D7C608-DC96-4CA8-8843-F512D9E74528}.Release|Any CPU.Build.0 = Release|Any CPU
		{553CF6D4-7E36-438D-9D1A-A97670C482AF}.Debug|Any CPU.ActiveCfg = Debug|Any CPU
		{553CF6D4-7E36-438D-9D1A-A97670C482AF}.Debug|Any CPU.Build.0 = Debug|Any CPU
		{553CF6D4-7E36-438D-9D1A-A97670C482AF}.Release|Any CPU.ActiveCfg = Release|Any CPU
		{553CF6D4-7E36-438D-9D1A-A97670C482AF}.Release|Any CPU.Build.0 = Release|Any CPU
		{644D1546-4849-45EB-8B45-DAE8333A5654}.Debug|Any CPU.ActiveCfg = Debug|Any CPU
		{644D1546-4849-45EB-8B45-DAE8333A5654}.Debug|Any CPU.Build.0 = Debug|Any CPU
		{644D1546-4849-45EB-8B45-DAE8333A5654}.Release|Any CPU.ActiveCfg = Release|Any CPU
		{644D1546-4849-45EB-8B45-DAE8333A5654}.Release|Any CPU.Build.0 = Release|Any CPU
		{F6F0F247-9E1D-469C-81D1-4FAAD701933C}.Debug|Any CPU.ActiveCfg = Debug|Any CPU
		{F6F0F247-9E1D-469C-81D1-4FAAD701933C}.Debug|Any CPU.Build.0 = Debug|Any CPU
		{F6F0F247-9E1D-469C-81D1-4FAAD701933C}.Release|Any CPU.ActiveCfg = Release|Any CPU
		{F6F0F247-9E1D-469C-81D1-4FAAD701933C}.Release|Any CPU.Build.0 = Release|Any CPU
		{483B033B-63EF-4AB1-A27E-2AAD4C2D2FF3}.Debug|Any CPU.ActiveCfg = Debug|Any CPU
		{483B033B-63EF-4AB1-A27E-2AAD4C2D2FF3}.Debug|Any CPU.Build.0 = Debug|Any CPU
		{483B033B-63EF-4AB1-A27E-2AAD4C2D2FF3}.Release|Any CPU.ActiveCfg = Release|Any CPU
		{483B033B-63EF-4AB1-A27E-2AAD4C2D2FF3}.Release|Any CPU.Build.0 = Release|Any CPU
		{6066A6F2-EE9A-4F71-9CC0-8D6D068ED97F}.Debug|Any CPU.ActiveCfg = Debug|Any CPU
		{6066A6F2-EE9A-4F71-9CC0-8D6D068ED97F}.Debug|Any CPU.Build.0 = Debug|Any CPU
		{6066A6F2-EE9A-4F71-9CC0-8D6D068ED97F}.Release|Any CPU.ActiveCfg = Release|Any CPU
		{6066A6F2-EE9A-4F71-9CC0-8D6D068ED97F}.Release|Any CPU.Build.0 = Release|Any CPU
		{EC79BB43-93EE-4D29-AA2C-6A7437244FA7}.Debug|Any CPU.ActiveCfg = Debug|Any CPU
		{EC79BB43-93EE-4D29-AA2C-6A7437244FA7}.Debug|Any CPU.Build.0 = Debug|Any CPU
		{EC79BB43-93EE-4D29-AA2C-6A7437244FA7}.Release|Any CPU.ActiveCfg = Release|Any CPU
		{EC79BB43-93EE-4D29-AA2C-6A7437244FA7}.Release|Any CPU.Build.0 = Release|Any CPU
		{D2C07055-8EBB-4327-995E-612B566E4B8E}.Debug|Any CPU.ActiveCfg = Debug|Any CPU
		{D2C07055-8EBB-4327-995E-612B566E4B8E}.Debug|Any CPU.Build.0 = Debug|Any CPU
		{D2C07055-8EBB-4327-995E-612B566E4B8E}.Release|Any CPU.ActiveCfg = Release|Any CPU
		{D2C07055-8EBB-4327-995E-612B566E4B8E}.Release|Any CPU.Build.0 = Release|Any CPU
		{166A9C81-274E-4ECA-A057-07C5067D7DE6}.Debug|Any CPU.ActiveCfg = Debug|Any CPU
		{166A9C81-274E-4ECA-A057-07C5067D7DE6}.Debug|Any CPU.Build.0 = Debug|Any CPU
		{166A9C81-274E-4ECA-A057-07C5067D7DE6}.Release|Any CPU.ActiveCfg = Release|Any CPU
		{166A9C81-274E-4ECA-A057-07C5067D7DE6}.Release|Any CPU.Build.0 = Release|Any CPU
		{12E884F6-0828-4451-9B17-97A3E945D6D8}.Debug|Any CPU.ActiveCfg = Debug|Any CPU
		{12E884F6-0828-4451-9B17-97A3E945D6D8}.Debug|Any CPU.Build.0 = Debug|Any CPU
		{12E884F6-0828-4451-9B17-97A3E945D6D8}.Release|Any CPU.ActiveCfg = Release|Any CPU
		{12E884F6-0828-4451-9B17-97A3E945D6D8}.Release|Any CPU.Build.0 = Release|Any CPU
		{1CD5E12E-E31F-444F-8287-23CDA55A4D10}.Debug|Any CPU.ActiveCfg = Debug|Any CPU
		{1CD5E12E-E31F-444F-8287-23CDA55A4D10}.Debug|Any CPU.Build.0 = Debug|Any CPU
		{1CD5E12E-E31F-444F-8287-23CDA55A4D10}.Release|Any CPU.ActiveCfg = Release|Any CPU
		{1CD5E12E-E31F-444F-8287-23CDA55A4D10}.Release|Any CPU.Build.0 = Release|Any CPU
		{9EEB642C-B091-4E80-AED1-B24C06F2C820}.Debug|Any CPU.ActiveCfg = Debug|Any CPU
		{9EEB642C-B091-4E80-AED1-B24C06F2C820}.Debug|Any CPU.Build.0 = Debug|Any CPU
		{9EEB642C-B091-4E80-AED1-B24C06F2C820}.Release|Any CPU.ActiveCfg = Release|Any CPU
		{9EEB642C-B091-4E80-AED1-B24C06F2C820}.Release|Any CPU.Build.0 = Release|Any CPU
		{5533F4FD-2126-4506-80EA-20CF5F533DDD}.Debug|Any CPU.ActiveCfg = Debug|Any CPU
		{5533F4FD-2126-4506-80EA-20CF5F533DDD}.Debug|Any CPU.Build.0 = Debug|Any CPU
		{5533F4FD-2126-4506-80EA-20CF5F533DDD}.Release|Any CPU.ActiveCfg = Release|Any CPU
		{5533F4FD-2126-4506-80EA-20CF5F533DDD}.Release|Any CPU.Build.0 = Release|Any CPU
		{AAFC2484-A6BF-4E57-8AC5-9F85452B7D56}.Debug|Any CPU.ActiveCfg = Debug|Any CPU
		{AAFC2484-A6BF-4E57-8AC5-9F85452B7D56}.Debug|Any CPU.Build.0 = Debug|Any CPU
		{AAFC2484-A6BF-4E57-8AC5-9F85452B7D56}.Release|Any CPU.ActiveCfg = Release|Any CPU
		{AAFC2484-A6BF-4E57-8AC5-9F85452B7D56}.Release|Any CPU.Build.0 = Release|Any CPU
	EndGlobalSection
	GlobalSection(SolutionProperties) = preSolution
		HideSolutionNode = FALSE
	EndGlobalSection
	GlobalSection(ExtensibilityGlobals) = postSolution
		SolutionGuid = {21C64D52-FD5B-4D5F-B159-0FF88614B59C}
	EndGlobalSection
EndGlobal
